
Microsoft Visual Studio Solution File, Format Version 12.00
# Visual Studio Version 17
VisualStudioVersion = 17.13.35806.99
MinimumVisualStudioVersion = 10.0.40219.1
Project("{2150E333-8FDC-42A3-9474-1A3956D46DE8}") = "01_STL", "01_STL", "{C8D5274F-AC00-46C7-1F8D-E88E81087A52}"
	ProjectSection(SolutionItems) = preProject
		자료구조.txt = 자료구조.txt
	EndProjectSection
EndProject
Project("{2150E333-8FDC-42A3-9474-1A3956D46DE8}") = "02_Sort", "02_Sort", "{EA64A027-C66C-45B0-BE5B-EA57728F1468}"
EndProject
Project("{8BC9CEB8-8B4A-11D0-8D11-00A0C91BC942}") = "01_Sort", "Sort\Sort.vcxproj", "{818AA4DF-BF22-4BCC-B2DE-BC0399332FC7}"
EndProject
Project("{8BC9CEB8-8B4A-11D0-8D11-00A0C91BC942}") = "02_DivideAndConquerSort", "DivideAndConquerSort\DivideAndConquerSort.vcxproj", "{8FD01859-1DE6-4145-B6AA-79ACF8006414}"
EndProject
Project("{8BC9CEB8-8B4A-11D0-8D11-00A0C91BC942}") = "Vector", "Vector\Vector.vcxproj", "{C8821924-5DC5-46A3-B60C-17A49E61A13A}"
EndProject
Project("{8BC9CEB8-8B4A-11D0-8D11-00A0C91BC942}") = "List", "List\List.vcxproj", "{A738C47F-165B-4EE1-AB6D-A96F2569D7E9}"
EndProject
Project("{8BC9CEB8-8B4A-11D0-8D11-00A0C91BC942}") = "Map", "Map\Map.vcxproj", "{760A505B-2FA8-4497-A30E-75EC55A51258}"
EndProject
Project("{8BC9CEB8-8B4A-11D0-8D11-00A0C91BC942}") = "03_stdsort", "stdsort\stdsort.vcxproj", "{C3D39135-EC33-4132-9EC4-D90FAB6A3F39}"
EndProject
Project("{8BC9CEB8-8B4A-11D0-8D11-00A0C91BC942}") = "04_compare_funcptr", "compare\compare.vcxproj", "{4C94BFAF-2E20-42C7-A14F-A3301B78846C}"
EndProject
Project("{8BC9CEB8-8B4A-11D0-8D11-00A0C91BC942}") = "05_compare_functor", "compare_functor\compare_functor.vcxproj", "{BC9D3175-F83B-42CD-A88F-8F7026FD51CD}"
EndProject
Project("{2150E333-8FDC-42A3-9474-1A3956D46DE8}") = "03_Tree", "03_Tree", "{6948050B-63A7-4E99-A322-4A4D51590B12}"
EndProject
Project("{8BC9CEB8-8B4A-11D0-8D11-00A0C91BC942}") = "01_BinaryTree", "BinaryTree\BinaryTree.vcxproj", "{65240FD2-AF53-4832-B0B6-E61E73CA033A}"
EndProject
Project("{8BC9CEB8-8B4A-11D0-8D11-00A0C91BC942}") = "02_BinarySearchTree", "BinarySearchTree\BinarySearchTree.vcxproj", "{92198AA4-957B-427B-A105-20147FFD0A9B}"
EndProject
Project("{2150E333-8FDC-42A3-9474-1A3956D46DE8}") = "04_Heap", "04_Heap", "{4649B256-41B3-47EE-BB48-7F19EEA93AF9}"
EndProject
Project("{8BC9CEB8-8B4A-11D0-8D11-00A0C91BC942}") = "MaxHeap", "MaxHeap\MaxHeap.vcxproj", "{14C8A672-6010-4D08-A07B-5AD35F5738A2}"
EndProject
Project("{8BC9CEB8-8B4A-11D0-8D11-00A0C91BC942}") = "PriorityQueue", "PriorityQueue\PriorityQueue.vcxproj", "{406F06A4-D736-4A21-A837-722C0ADA6330}"
EndProject
Project("{2150E333-8FDC-42A3-9474-1A3956D46DE8}") = "05_Hash", "05_Hash", "{7912A929-6CFD-48A6-A147-20555BCD3C90}"
EndProject
Project("{8BC9CEB8-8B4A-11D0-8D11-00A0C91BC942}") = "01_Hash", "Hash\Hash.vcxproj", "{CF592AD8-CE3D-4E6C-A10D-66199B6EC12D}"
EndProject
Project("{2150E333-8FDC-42A3-9474-1A3956D46DE8}") = "06_Graph", "06_Graph", "{9DC6F356-0E34-4584-871C-405E7ACEEE77}"
EndProject
Project("{8BC9CEB8-8B4A-11D0-8D11-00A0C91BC942}") = "Graph", "Graph\Graph.vcxproj", "{4FC01004-69FB-419A-8BED-62147B910EFD}"
EndProject
Project("{2150E333-8FDC-42A3-9474-1A3956D46DE8}") = "07_DynamicProgramming", "07_DynamicProgramming", "{E67DDDCE-E644-4A96-9267-2E5AE6833710}"
EndProject
Project("{8BC9CEB8-8B4A-11D0-8D11-00A0C91BC942}") = "01_Fibo", "Fibo\Fibo.vcxproj", "{E8553651-BF33-41FA-BDFE-9CD0AFDB2629}"
EndProject
Project("{8BC9CEB8-8B4A-11D0-8D11-00A0C91BC942}") = "02_MinimumCostPath", "MinimumCostPath\MinimumCostPath.vcxproj", "{B30F1F63-95B2-42CF-A0E4-A273545613A6}"
EndProject
Global
	GlobalSection(SolutionConfigurationPlatforms) = preSolution
		Debug|x64 = Debug|x64
		Debug|x86 = Debug|x86
		Release|x64 = Release|x64
		Release|x86 = Release|x86
	EndGlobalSection
	GlobalSection(ProjectConfigurationPlatforms) = postSolution
		{818AA4DF-BF22-4BCC-B2DE-BC0399332FC7}.Debug|x64.ActiveCfg = Debug|x64
		{818AA4DF-BF22-4BCC-B2DE-BC0399332FC7}.Debug|x64.Build.0 = Debug|x64
		{818AA4DF-BF22-4BCC-B2DE-BC0399332FC7}.Debug|x86.ActiveCfg = Debug|Win32
		{818AA4DF-BF22-4BCC-B2DE-BC0399332FC7}.Debug|x86.Build.0 = Debug|Win32
		{818AA4DF-BF22-4BCC-B2DE-BC0399332FC7}.Release|x64.ActiveCfg = Release|x64
		{818AA4DF-BF22-4BCC-B2DE-BC0399332FC7}.Release|x64.Build.0 = Release|x64
		{818AA4DF-BF22-4BCC-B2DE-BC0399332FC7}.Release|x86.ActiveCfg = Release|Win32
		{818AA4DF-BF22-4BCC-B2DE-BC0399332FC7}.Release|x86.Build.0 = Release|Win32
		{8FD01859-1DE6-4145-B6AA-79ACF8006414}.Debug|x64.ActiveCfg = Debug|x64
		{8FD01859-1DE6-4145-B6AA-79ACF8006414}.Debug|x64.Build.0 = Debug|x64
		{8FD01859-1DE6-4145-B6AA-79ACF8006414}.Debug|x86.ActiveCfg = Debug|Win32
		{8FD01859-1DE6-4145-B6AA-79ACF8006414}.Debug|x86.Build.0 = Debug|Win32
		{8FD01859-1DE6-4145-B6AA-79ACF8006414}.Release|x64.ActiveCfg = Release|x64
		{8FD01859-1DE6-4145-B6AA-79ACF8006414}.Release|x64.Build.0 = Release|x64
		{8FD01859-1DE6-4145-B6AA-79ACF8006414}.Release|x86.ActiveCfg = Release|Win32
		{8FD01859-1DE6-4145-B6AA-79ACF8006414}.Release|x86.Build.0 = Release|Win32
		{C8821924-5DC5-46A3-B60C-17A49E61A13A}.Debug|x64.ActiveCfg = Debug|x64
		{C8821924-5DC5-46A3-B60C-17A49E61A13A}.Debug|x64.Build.0 = Debug|x64
		{C8821924-5DC5-46A3-B60C-17A49E61A13A}.Debug|x86.ActiveCfg = Debug|Win32
		{C8821924-5DC5-46A3-B60C-17A49E61A13A}.Debug|x86.Build.0 = Debug|Win32
		{C8821924-5DC5-46A3-B60C-17A49E61A13A}.Release|x64.ActiveCfg = Release|x64
		{C8821924-5DC5-46A3-B60C-17A49E61A13A}.Release|x64.Build.0 = Release|x64
		{C8821924-5DC5-46A3-B60C-17A49E61A13A}.Release|x86.ActiveCfg = Release|Win32
		{C8821924-5DC5-46A3-B60C-17A49E61A13A}.Release|x86.Build.0 = Release|Win32
		{A738C47F-165B-4EE1-AB6D-A96F2569D7E9}.Debug|x64.ActiveCfg = Debug|x64
		{A738C47F-165B-4EE1-AB6D-A96F2569D7E9}.Debug|x64.Build.0 = Debug|x64
		{A738C47F-165B-4EE1-AB6D-A96F2569D7E9}.Debug|x86.ActiveCfg = Debug|Win32
		{A738C47F-165B-4EE1-AB6D-A96F2569D7E9}.Debug|x86.Build.0 = Debug|Win32
		{A738C47F-165B-4EE1-AB6D-A96F2569D7E9}.Release|x64.ActiveCfg = Release|x64
		{A738C47F-165B-4EE1-AB6D-A96F2569D7E9}.Release|x64.Build.0 = Release|x64
		{A738C47F-165B-4EE1-AB6D-A96F2569D7E9}.Release|x86.ActiveCfg = Release|Win32
		{A738C47F-165B-4EE1-AB6D-A96F2569D7E9}.Release|x86.Build.0 = Release|Win32
		{760A505B-2FA8-4497-A30E-75EC55A51258}.Debug|x64.ActiveCfg = Debug|x64
		{760A505B-2FA8-4497-A30E-75EC55A51258}.Debug|x64.Build.0 = Debug|x64
		{760A505B-2FA8-4497-A30E-75EC55A51258}.Debug|x86.ActiveCfg = Debug|Win32
		{760A505B-2FA8-4497-A30E-75EC55A51258}.Debug|x86.Build.0 = Debug|Win32
		{760A505B-2FA8-4497-A30E-75EC55A51258}.Release|x64.ActiveCfg = Release|x64
		{760A505B-2FA8-4497-A30E-75EC55A51258}.Release|x64.Build.0 = Release|x64
		{760A505B-2FA8-4497-A30E-75EC55A51258}.Release|x86.ActiveCfg = Release|Win32
		{760A505B-2FA8-4497-A30E-75EC55A51258}.Release|x86.Build.0 = Release|Win32
		{C3D39135-EC33-4132-9EC4-D90FAB6A3F39}.Debug|x64.ActiveCfg = Debug|x64
		{C3D39135-EC33-4132-9EC4-D90FAB6A3F39}.Debug|x64.Build.0 = Debug|x64
		{C3D39135-EC33-4132-9EC4-D90FAB6A3F39}.Debug|x86.ActiveCfg = Debug|Win32
		{C3D39135-EC33-4132-9EC4-D90FAB6A3F39}.Debug|x86.Build.0 = Debug|Win32
		{C3D39135-EC33-4132-9EC4-D90FAB6A3F39}.Release|x64.ActiveCfg = Release|x64
		{C3D39135-EC33-4132-9EC4-D90FAB6A3F39}.Release|x64.Build.0 = Release|x64
		{C3D39135-EC33-4132-9EC4-D90FAB6A3F39}.Release|x86.ActiveCfg = Release|Win32
		{C3D39135-EC33-4132-9EC4-D90FAB6A3F39}.Release|x86.Build.0 = Release|Win32
		{4C94BFAF-2E20-42C7-A14F-A3301B78846C}.Debug|x64.ActiveCfg = Debug|x64
		{4C94BFAF-2E20-42C7-A14F-A3301B78846C}.Debug|x64.Build.0 = Debug|x64
		{4C94BFAF-2E20-42C7-A14F-A3301B78846C}.Debug|x86.ActiveCfg = Debug|Win32
		{4C94BFAF-2E20-42C7-A14F-A3301B78846C}.Debug|x86.Build.0 = Debug|Win32
		{4C94BFAF-2E20-42C7-A14F-A3301B78846C}.Release|x64.ActiveCfg = Release|x64
		{4C94BFAF-2E20-42C7-A14F-A3301B78846C}.Release|x64.Build.0 = Release|x64
		{4C94BFAF-2E20-42C7-A14F-A3301B78846C}.Release|x86.ActiveCfg = Release|Win32
		{4C94BFAF-2E20-42C7-A14F-A3301B78846C}.Release|x86.Build.0 = Release|Win32
		{BC9D3175-F83B-42CD-A88F-8F7026FD51CD}.Debug|x64.ActiveCfg = Debug|x64
		{BC9D3175-F83B-42CD-A88F-8F7026FD51CD}.Debug|x64.Build.0 = Debug|x64
		{BC9D3175-F83B-42CD-A88F-8F7026FD51CD}.Debug|x86.ActiveCfg = Debug|Win32
		{BC9D3175-F83B-42CD-A88F-8F7026FD51CD}.Debug|x86.Build.0 = Debug|Win32
		{BC9D3175-F83B-42CD-A88F-8F7026FD51CD}.Release|x64.ActiveCfg = Release|x64
		{BC9D3175-F83B-42CD-A88F-8F7026FD51CD}.Release|x64.Build.0 = Release|x64
		{BC9D3175-F83B-42CD-A88F-8F7026FD51CD}.Release|x86.ActiveCfg = Release|Win32
		{BC9D3175-F83B-42CD-A88F-8F7026FD51CD}.Release|x86.Build.0 = Release|Win32
		{65240FD2-AF53-4832-B0B6-E61E73CA033A}.Debug|x64.ActiveCfg = Debug|x64
		{65240FD2-AF53-4832-B0B6-E61E73CA033A}.Debug|x64.Build.0 = Debug|x64
		{65240FD2-AF53-4832-B0B6-E61E73CA033A}.Debug|x86.ActiveCfg = Debug|Win32
		{65240FD2-AF53-4832-B0B6-E61E73CA033A}.Debug|x86.Build.0 = Debug|Win32
		{65240FD2-AF53-4832-B0B6-E61E73CA033A}.Release|x64.ActiveCfg = Release|x64
		{65240FD2-AF53-4832-B0B6-E61E73CA033A}.Release|x64.Build.0 = Release|x64
		{65240FD2-AF53-4832-B0B6-E61E73CA033A}.Release|x86.ActiveCfg = Release|Win32
		{65240FD2-AF53-4832-B0B6-E61E73CA033A}.Release|x86.Build.0 = Release|Win32
		{92198AA4-957B-427B-A105-20147FFD0A9B}.Debug|x64.ActiveCfg = Debug|x64
		{92198AA4-957B-427B-A105-20147FFD0A9B}.Debug|x64.Build.0 = Debug|x64
		{92198AA4-957B-427B-A105-20147FFD0A9B}.Debug|x86.ActiveCfg = Debug|Win32
		{92198AA4-957B-427B-A105-20147FFD0A9B}.Debug|x86.Build.0 = Debug|Win32
		{92198AA4-957B-427B-A105-20147FFD0A9B}.Release|x64.ActiveCfg = Release|x64
		{92198AA4-957B-427B-A105-20147FFD0A9B}.Release|x64.Build.0 = Release|x64
		{92198AA4-957B-427B-A105-20147FFD0A9B}.Release|x86.ActiveCfg = Release|Win32
		{92198AA4-957B-427B-A105-20147FFD0A9B}.Release|x86.Build.0 = Release|Win32
		{14C8A672-6010-4D08-A07B-5AD35F5738A2}.Debug|x64.ActiveCfg = Debug|x64
		{14C8A672-6010-4D08-A07B-5AD35F5738A2}.Debug|x64.Build.0 = Debug|x64
		{14C8A672-6010-4D08-A07B-5AD35F5738A2}.Debug|x86.ActiveCfg = Debug|Win32
		{14C8A672-6010-4D08-A07B-5AD35F5738A2}.Debug|x86.Build.0 = Debug|Win32
		{14C8A672-6010-4D08-A07B-5AD35F5738A2}.Release|x64.ActiveCfg = Release|x64
		{14C8A672-6010-4D08-A07B-5AD35F5738A2}.Release|x64.Build.0 = Release|x64
		{14C8A672-6010-4D08-A07B-5AD35F5738A2}.Release|x86.ActiveCfg = Release|Win32
		{14C8A672-6010-4D08-A07B-5AD35F5738A2}.Release|x86.Build.0 = Release|Win32
		{406F06A4-D736-4A21-A837-722C0ADA6330}.Debug|x64.ActiveCfg = Debug|x64
		{406F06A4-D736-4A21-A837-722C0ADA6330}.Debug|x64.Build.0 = Debug|x64
		{406F06A4-D736-4A21-A837-722C0ADA6330}.Debug|x86.ActiveCfg = Debug|Win32
		{406F06A4-D736-4A21-A837-722C0ADA6330}.Debug|x86.Build.0 = Debug|Win32
		{406F06A4-D736-4A21-A837-722C0ADA6330}.Release|x64.ActiveCfg = Release|x64
		{406F06A4-D736-4A21-A837-722C0ADA6330}.Release|x64.Build.0 = Release|x64
		{406F06A4-D736-4A21-A837-722C0ADA6330}.Release|x86.ActiveCfg = Release|Win32
		{406F06A4-D736-4A21-A837-722C0ADA6330}.Release|x86.Build.0 = Release|Win32
		{CF592AD8-CE3D-4E6C-A10D-66199B6EC12D}.Debug|x64.ActiveCfg = Debug|x64
		{CF592AD8-CE3D-4E6C-A10D-66199B6EC12D}.Debug|x64.Build.0 = Debug|x64
		{CF592AD8-CE3D-4E6C-A10D-66199B6EC12D}.Debug|x86.ActiveCfg = Debug|Win32
		{CF592AD8-CE3D-4E6C-A10D-66199B6EC12D}.Debug|x86.Build.0 = Debug|Win32
		{CF592AD8-CE3D-4E6C-A10D-66199B6EC12D}.Release|x64.ActiveCfg = Release|x64
		{CF592AD8-CE3D-4E6C-A10D-66199B6EC12D}.Release|x64.Build.0 = Release|x64
		{CF592AD8-CE3D-4E6C-A10D-66199B6EC12D}.Release|x86.ActiveCfg = Release|Win32
		{CF592AD8-CE3D-4E6C-A10D-66199B6EC12D}.Release|x86.Build.0 = Release|Win32
		{4FC01004-69FB-419A-8BED-62147B910EFD}.Debug|x64.ActiveCfg = Debug|x64
		{4FC01004-69FB-419A-8BED-62147B910EFD}.Debug|x64.Build.0 = Debug|x64
		{4FC01004-69FB-419A-8BED-62147B910EFD}.Debug|x86.ActiveCfg = Debug|Win32
		{4FC01004-69FB-419A-8BED-62147B910EFD}.Debug|x86.Build.0 = Debug|Win32
		{4FC01004-69FB-419A-8BED-62147B910EFD}.Release|x64.ActiveCfg = Release|x64
		{4FC01004-69FB-419A-8BED-62147B910EFD}.Release|x64.Build.0 = Release|x64
		{4FC01004-69FB-419A-8BED-62147B910EFD}.Release|x86.ActiveCfg = Release|Win32
		{4FC01004-69FB-419A-8BED-62147B910EFD}.Release|x86.Build.0 = Release|Win32
		{E8553651-BF33-41FA-BDFE-9CD0AFDB2629}.Debug|x64.ActiveCfg = Debug|x64
		{E8553651-BF33-41FA-BDFE-9CD0AFDB2629}.Debug|x64.Build.0 = Debug|x64
		{E8553651-BF33-41FA-BDFE-9CD0AFDB2629}.Debug|x86.ActiveCfg = Debug|Win32
		{E8553651-BF33-41FA-BDFE-9CD0AFDB2629}.Debug|x86.Build.0 = Debug|Win32
		{E8553651-BF33-41FA-BDFE-9CD0AFDB2629}.Release|x64.ActiveCfg = Release|x64
		{E8553651-BF33-41FA-BDFE-9CD0AFDB2629}.Release|x64.Build.0 = Release|x64
		{E8553651-BF33-41FA-BDFE-9CD0AFDB2629}.Release|x86.ActiveCfg = Release|Win32
		{E8553651-BF33-41FA-BDFE-9CD0AFDB2629}.Release|x86.Build.0 = Release|Win32
		{B30F1F63-95B2-42CF-A0E4-A273545613A6}.Debug|x64.ActiveCfg = Debug|x64
		{B30F1F63-95B2-42CF-A0E4-A273545613A6}.Debug|x64.Build.0 = Debug|x64
		{B30F1F63-95B2-42CF-A0E4-A273545613A6}.Debug|x86.ActiveCfg = Debug|Win32
		{B30F1F63-95B2-42CF-A0E4-A273545613A6}.Debug|x86.Build.0 = Debug|Win32
		{B30F1F63-95B2-42CF-A0E4-A273545613A6}.Release|x64.ActiveCfg = Release|x64
		{B30F1F63-95B2-42CF-A0E4-A273545613A6}.Release|x64.Build.0 = Release|x64
		{B30F1F63-95B2-42CF-A0E4-A273545613A6}.Release|x86.ActiveCfg = Release|Win32
		{B30F1F63-95B2-42CF-A0E4-A273545613A6}.Release|x86.Build.0 = Release|Win32
	EndGlobalSection
	GlobalSection(SolutionProperties) = preSolution
		HideSolutionNode = FALSE
	EndGlobalSection
	GlobalSection(NestedProjects) = preSolution
		{818AA4DF-BF22-4BCC-B2DE-BC0399332FC7} = {EA64A027-C66C-45B0-BE5B-EA57728F1468}
		{8FD01859-1DE6-4145-B6AA-79ACF8006414} = {EA64A027-C66C-45B0-BE5B-EA57728F1468}
		{C8821924-5DC5-46A3-B60C-17A49E61A13A} = {C8D5274F-AC00-46C7-1F8D-E88E81087A52}
		{A738C47F-165B-4EE1-AB6D-A96F2569D7E9} = {C8D5274F-AC00-46C7-1F8D-E88E81087A52}
		{760A505B-2FA8-4497-A30E-75EC55A51258} = {C8D5274F-AC00-46C7-1F8D-E88E81087A52}
		{C3D39135-EC33-4132-9EC4-D90FAB6A3F39} = {EA64A027-C66C-45B0-BE5B-EA57728F1468}
		{4C94BFAF-2E20-42C7-A14F-A3301B78846C} = {EA64A027-C66C-45B0-BE5B-EA57728F1468}
		{BC9D3175-F83B-42CD-A88F-8F7026FD51CD} = {EA64A027-C66C-45B0-BE5B-EA57728F1468}
		{65240FD2-AF53-4832-B0B6-E61E73CA033A} = {6948050B-63A7-4E99-A322-4A4D51590B12}
		{92198AA4-957B-427B-A105-20147FFD0A9B} = {6948050B-63A7-4E99-A322-4A4D51590B12}
		{14C8A672-6010-4D08-A07B-5AD35F5738A2} = {4649B256-41B3-47EE-BB48-7F19EEA93AF9}
		{406F06A4-D736-4A21-A837-722C0ADA6330} = {4649B256-41B3-47EE-BB48-7F19EEA93AF9}
		{CF592AD8-CE3D-4E6C-A10D-66199B6EC12D} = {7912A929-6CFD-48A6-A147-20555BCD3C90}
		{4FC01004-69FB-419A-8BED-62147B910EFD} = {9DC6F356-0E34-4584-871C-405E7ACEEE77}
		{E8553651-BF33-41FA-BDFE-9CD0AFDB2629} = {E67DDDCE-E644-4A96-9267-2E5AE6833710}
		{B30F1F63-95B2-42CF-A0E4-A273545613A6} = {E67DDDCE-E644-4A96-9267-2E5AE6833710}
	EndGlobalSection
	GlobalSection(ExtensibilityGlobals) = postSolution
		SolutionGuid = {FA1E041A-AAA0-48A0-96D7-93741A268476}
	EndGlobalSection
EndGlobal
