
Microsoft Visual Studio Solution File, Format Version 12.00
# Visual Studio Version 17
VisualStudioVersion = 17.13.35806.99
MinimumVisualStudioVersion = 10.0.40219.1
Project("{2150E333-8FDC-42A3-9474-1A3956D46DE8}") = "01_STL", "01_STL", "{C8D5274F-AC00-46C7-1F8D-E88E81087A52}"
	ProjectSection(SolutionItems) = preProject
		자료구조.txt = 자료구조.txt
	EndProjectSection
EndProject
Project("{2150E333-8FDC-42A3-9474-1A3956D46DE8}") = "02_Sort", "02_Sort", "{EA64A027-C66C-45B0-BE5B-EA57728F1468}"
EndProject
Project("{8BC9CEB8-8B4A-11D0-8D11-00A0C91BC942}") = "Sort", "Sort\Sort.vcxproj", "{818AA4DF-BF22-4BCC-B2DE-BC0399332FC7}"
EndProject
Project("{8BC9CEB8-8B4A-11D0-8D11-00A0C91BC942}") = "DivideAndConquerSort", "DivideAndConquerSort\DivideAndConquerSort.vcxproj", "{8FD01859-1DE6-4145-B6AA-79ACF8006414}"
EndProject
Project("{8BC9CEB8-8B4A-11D0-8D11-00A0C91BC942}") = "Vector", "Vector\Vector.vcxproj", "{C8821924-5DC5-46A3-B60C-17A49E61A13A}"
EndProject
Global
	GlobalSection(SolutionConfigurationPlatforms) = preSolution
		Debug|x64 = Debug|x64
		Debug|x86 = Debug|x86
		Release|x64 = Release|x64
		Release|x86 = Release|x86
	EndGlobalSection
	GlobalSection(ProjectConfigurationPlatforms) = postSolution
		{818AA4DF-BF22-4BCC-B2DE-BC0399332FC7}.Debug|x64.ActiveCfg = Debug|x64
		{818AA4DF-BF22-4BCC-B2DE-BC0399332FC7}.Debug|x64.Build.0 = Debug|x64
		{818AA4DF-BF22-4BCC-B2DE-BC0399332FC7}.Debug|x86.ActiveCfg = Debug|Win32
		{818AA4DF-BF22-4BCC-B2DE-BC0399332FC7}.Debug|x86.Build.0 = Debug|Win32
		{818AA4DF-BF22-4BCC-B2DE-BC0399332FC7}.Release|x64.ActiveCfg = Release|x64
		{818AA4DF-BF22-4BCC-B2DE-BC0399332FC7}.Release|x64.Build.0 = Release|x64
		{818AA4DF-BF22-4BCC-B2DE-BC0399332FC7}.Release|x86.ActiveCfg = Release|Win32
		{818AA4DF-BF22-4BCC-B2DE-BC0399332FC7}.Release|x86.Build.0 = Release|Win32
		{8FD01859-1DE6-4145-B6AA-79ACF8006414}.Debug|x64.ActiveCfg = Debug|x64
		{8FD01859-1DE6-4145-B6AA-79ACF8006414}.Debug|x64.Build.0 = Debug|x64
		{8FD01859-1DE6-4145-B6AA-79ACF8006414}.Debug|x86.ActiveCfg = Debug|Win32
		{8FD01859-1DE6-4145-B6AA-79ACF8006414}.Debug|x86.Build.0 = Debug|Win32
		{8FD01859-1DE6-4145-B6AA-79ACF8006414}.Release|x64.ActiveCfg = Release|x64
		{8FD01859-1DE6-4145-B6AA-79ACF8006414}.Release|x64.Build.0 = Release|x64
		{8FD01859-1DE6-4145-B6AA-79ACF8006414}.Release|x86.ActiveCfg = Release|Win32
		{8FD01859-1DE6-4145-B6AA-79ACF8006414}.Release|x86.Build.0 = Release|Win32
		{C8821924-5DC5-46A3-B60C-17A49E61A13A}.Debug|x64.ActiveCfg = Debug|x64
		{C8821924-5DC5-46A3-B60C-17A49E61A13A}.Debug|x64.Build.0 = Debug|x64
		{C8821924-5DC5-46A3-B60C-17A49E61A13A}.Debug|x86.ActiveCfg = Debug|Win32
		{C8821924-5DC5-46A3-B60C-17A49E61A13A}.Debug|x86.Build.0 = Debug|Win32
		{C8821924-5DC5-46A3-B60C-17A49E61A13A}.Release|x64.ActiveCfg = Release|x64
		{C8821924-5DC5-46A3-B60C-17A49E61A13A}.Release|x64.Build.0 = Release|x64
		{C8821924-5DC5-46A3-B60C-17A49E61A13A}.Release|x86.ActiveCfg = Release|Win32
		{C8821924-5DC5-46A3-B60C-17A49E61A13A}.Release|x86.Build.0 = Release|Win32
	EndGlobalSection
	GlobalSection(SolutionProperties) = preSolution
		HideSolutionNode = FALSE
	EndGlobalSection
	GlobalSection(NestedProjects) = preSolution
		{818AA4DF-BF22-4BCC-B2DE-BC0399332FC7} = {EA64A027-C66C-45B0-BE5B-EA57728F1468}
		{8FD01859-1DE6-4145-B6AA-79ACF8006414} = {EA64A027-C66C-45B0-BE5B-EA57728F1468}
		{C8821924-5DC5-46A3-B60C-17A49E61A13A} = {C8D5274F-AC00-46C7-1F8D-E88E81087A52}
	EndGlobalSection
	GlobalSection(ExtensibilityGlobals) = postSolution
		SolutionGuid = {FA1E041A-AAA0-48A0-96D7-93741A268476}
	EndGlobalSection
EndGlobal
